
Microsoft Visual Studio Solution File, Format Version 12.00
# Visual Studio Version 17
VisualStudioVersion = 17.12.35707.178
MinimumVisualStudioVersion = 10.0.40219.1
Project("{2150E333-8FDC-42A3-9474-1A3956D46DE8}") = "Clean", "Clean", "{903DEEF5-7412-4EDB-A619-9D060163A935}"
EndProject
Project("{2150E333-8FDC-42A3-9474-1A3956D46DE8}") = "Src", "Src", "{CDEC38B1-038B-4E85-978C-337ED496B02B}"
EndProject
Project("{FAE04EC0-301F-11D3-BF4B-00C04F79EFBC}") = "DotNet8.Clean.Application", "DotNet8.Clean.Application\DotNet8.Clean.Application.csproj", "{639BD328-781D-477A-B3A9-11407B9DF666}"
EndProject
Project("{FAE04EC0-301F-11D3-BF4B-00C04F79EFBC}") = "DotNet8.Clean.Domain", "DotNet8.Clean.Domain\DotNet8.Clean.Domain.csproj", "{7B030B7F-8316-4AE8-8BFA-CBA294F1D1C0}"
EndProject
Project("{FAE04EC0-301F-11D3-BF4B-00C04F79EFBC}") = "DotNet8.Clean.Infrastructure", "DotNet8.Clean.Infrastructure\DotNet8.Clean.Infrastructure.csproj", "{74211BAC-E4E5-4042-957B-906629B45D6C}"
EndProject
Project("{FAE04EC0-301F-11D3-BF4B-00C04F79EFBC}") = "DotNet8.Clean.Presentation", "DotNet8.Clean.Presentation\DotNet8.Clean.Presentation.csproj", "{2884ABF4-22FA-4216-BD5B-2AB252E2E664}"
EndProject
Project("{2150E333-8FDC-42A3-9474-1A3956D46DE8}") = "Shared", "Shared", "{FFFEDE96-26B2-4ACF-B70F-4B8E7977159D}"
EndProject
Project("{FAE04EC0-301F-11D3-BF4B-00C04F79EFBC}") = "DotNet8.Clean.DbService", "DotNet8.Clean.DbService\DotNet8.Clean.DbService.csproj", "{8B756886-2B83-43F5-BAF4-B81F2FFC5256}"
EndProject
Project("{FAE04EC0-301F-11D3-BF4B-00C04F79EFBC}") = "DotNet8.Clean.DTO", "DotNet8.Clean.DTO\DotNet8.Clean.DTO.csproj", "{88C5DC0E-801F-43C1-B6DC-314C75ED07F4}"
EndProject
Project("{FAE04EC0-301F-11D3-BF4B-00C04F79EFBC}") = "DotNet8.Clean.Extension", "DotNet8.Clean.Extension\DotNet8.Clean.Extension.csproj", "{E8042F9D-C05A-4C36-8FEA-1D68A1DE00B3}"
EndProject
Project("{FAE04EC0-301F-11D3-BF4B-00C04F79EFBC}") = "DotNet8.Clean.Shared", "DotNet8.Clean.Shared\DotNet8.Clean.Shared.csproj", "{7DABCE8E-4E33-400A-8175-48DCD71E3E5D}"
EndProject
Project("{FAE04EC0-301F-11D3-BF4B-00C04F79EFBC}") = "DotNet8.Clean.Utlis", "DotNet8.Clean.Utlis\DotNet8.Clean.Utlis.csproj", "{CA5BFAC8-90F5-493D-9D93-A6FAAB020C9E}"
EndProject
Global
	GlobalSection(SolutionConfigurationPlatforms) = preSolution
		Debug|Any CPU = Debug|Any CPU
		Release|Any CPU = Release|Any CPU
	EndGlobalSection
	GlobalSection(ProjectConfigurationPlatforms) = postSolution
		{639BD328-781D-477A-B3A9-11407B9DF666}.Debug|Any CPU.ActiveCfg = Debug|Any CPU
		{639BD328-781D-477A-B3A9-11407B9DF666}.Debug|Any CPU.Build.0 = Debug|Any CPU
		{639BD328-781D-477A-B3A9-11407B9DF666}.Release|Any CPU.ActiveCfg = Release|Any CPU
		{639BD328-781D-477A-B3A9-11407B9DF666}.Release|Any CPU.Build.0 = Release|Any CPU
		{7B030B7F-8316-4AE8-8BFA-CBA294F1D1C0}.Debug|Any CPU.ActiveCfg = Debug|Any CPU
		{7B030B7F-8316-4AE8-8BFA-CBA294F1D1C0}.Debug|Any CPU.Build.0 = Debug|Any CPU
		{7B030B7F-8316-4AE8-8BFA-CBA294F1D1C0}.Release|Any CPU.ActiveCfg = Release|Any CPU
		{7B030B7F-8316-4AE8-8BFA-CBA294F1D1C0}.Release|Any CPU.Build.0 = Release|Any CPU
		{74211BAC-E4E5-4042-957B-906629B45D6C}.Debug|Any CPU.ActiveCfg = Debug|Any CPU
		{74211BAC-E4E5-4042-957B-906629B45D6C}.Debug|Any CPU.Build.0 = Debug|Any CPU
		{74211BAC-E4E5-4042-957B-906629B45D6C}.Release|Any CPU.ActiveCfg = Release|Any CPU
		{74211BAC-E4E5-4042-957B-906629B45D6C}.Release|Any CPU.Build.0 = Release|Any CPU
		{2884ABF4-22FA-4216-BD5B-2AB252E2E664}.Debug|Any CPU.ActiveCfg = Debug|Any CPU
		{2884ABF4-22FA-4216-BD5B-2AB252E2E664}.Debug|Any CPU.Build.0 = Debug|Any CPU
		{2884ABF4-22FA-4216-BD5B-2AB252E2E664}.Release|Any CPU.ActiveCfg = Release|Any CPU
		{2884ABF4-22FA-4216-BD5B-2AB252E2E664}.Release|Any CPU.Build.0 = Release|Any CPU
		{8B756886-2B83-43F5-BAF4-B81F2FFC5256}.Debug|Any CPU.ActiveCfg = Debug|Any CPU
		{8B756886-2B83-43F5-BAF4-B81F2FFC5256}.Debug|Any CPU.Build.0 = Debug|Any CPU
		{8B756886-2B83-43F5-BAF4-B81F2FFC5256}.Release|Any CPU.ActiveCfg = Release|Any CPU
		{8B756886-2B83-43F5-BAF4-B81F2FFC5256}.Release|Any CPU.Build.0 = Release|Any CPU
		{88C5DC0E-801F-43C1-B6DC-314C75ED07F4}.Debug|Any CPU.ActiveCfg = Debug|Any CPU
		{88C5DC0E-801F-43C1-B6DC-314C75ED07F4}.Debug|Any CPU.Build.0 = Debug|Any CPU
		{88C5DC0E-801F-43C1-B6DC-314C75ED07F4}.Release|Any CPU.ActiveCfg = Release|Any CPU
		{88C5DC0E-801F-43C1-B6DC-314C75ED07F4}.Release|Any CPU.Build.0 = Release|Any CPU
		{E8042F9D-C05A-4C36-8FEA-1D68A1DE00B3}.Debug|Any CPU.ActiveCfg = Debug|Any CPU
		{E8042F9D-C05A-4C36-8FEA-1D68A1DE00B3}.Debug|Any CPU.Build.0 = Debug|Any CPU
		{E8042F9D-C05A-4C36-8FEA-1D68A1DE00B3}.Release|Any CPU.ActiveCfg = Release|Any CPU
		{E8042F9D-C05A-4C36-8FEA-1D68A1DE00B3}.Release|Any CPU.Build.0 = Release|Any CPU
		{7DABCE8E-4E33-400A-8175-48DCD71E3E5D}.Debug|Any CPU.ActiveCfg = Debug|Any CPU
		{7DABCE8E-4E33-400A-8175-48DCD71E3E5D}.Debug|Any CPU.Build.0 = Debug|Any CPU
		{7DABCE8E-4E33-400A-8175-48DCD71E3E5D}.Release|Any CPU.ActiveCfg = Release|Any CPU
		{7DABCE8E-4E33-400A-8175-48DCD71E3E5D}.Release|Any CPU.Build.0 = Release|Any CPU
		{CA5BFAC8-90F5-493D-9D93-A6FAAB020C9E}.Debug|Any CPU.ActiveCfg = Debug|Any CPU
		{CA5BFAC8-90F5-493D-9D93-A6FAAB020C9E}.Debug|Any CPU.Build.0 = Debug|Any CPU
		{CA5BFAC8-90F5-493D-9D93-A6FAAB020C9E}.Release|Any CPU.ActiveCfg = Release|Any CPU
		{CA5BFAC8-90F5-493D-9D93-A6FAAB020C9E}.Release|Any CPU.Build.0 = Release|Any CPU
	EndGlobalSection
	GlobalSection(SolutionProperties) = preSolution
		HideSolutionNode = FALSE
	EndGlobalSection
	GlobalSection(NestedProjects) = preSolution
		{CDEC38B1-038B-4E85-978C-337ED496B02B} = {903DEEF5-7412-4EDB-A619-9D060163A935}
		{639BD328-781D-477A-B3A9-11407B9DF666} = {CDEC38B1-038B-4E85-978C-337ED496B02B}
		{7B030B7F-8316-4AE8-8BFA-CBA294F1D1C0} = {CDEC38B1-038B-4E85-978C-337ED496B02B}
		{74211BAC-E4E5-4042-957B-906629B45D6C} = {CDEC38B1-038B-4E85-978C-337ED496B02B}
		{2884ABF4-22FA-4216-BD5B-2AB252E2E664} = {CDEC38B1-038B-4E85-978C-337ED496B02B}
		{FFFEDE96-26B2-4ACF-B70F-4B8E7977159D} = {903DEEF5-7412-4EDB-A619-9D060163A935}
		{8B756886-2B83-43F5-BAF4-B81F2FFC5256} = {FFFEDE96-26B2-4ACF-B70F-4B8E7977159D}
		{88C5DC0E-801F-43C1-B6DC-314C75ED07F4} = {FFFEDE96-26B2-4ACF-B70F-4B8E7977159D}
		{E8042F9D-C05A-4C36-8FEA-1D68A1DE00B3} = {FFFEDE96-26B2-4ACF-B70F-4B8E7977159D}
		{7DABCE8E-4E33-400A-8175-48DCD71E3E5D} = {FFFEDE96-26B2-4ACF-B70F-4B8E7977159D}
		{CA5BFAC8-90F5-493D-9D93-A6FAAB020C9E} = {FFFEDE96-26B2-4ACF-B70F-4B8E7977159D}
	EndGlobalSection
EndGlobal
